{
  "nodes": {
    "agent-source": {
      "flake": false,
      "locked": {
        "lastModified": 1783536259,
        "narHash": "sha256-pXlZPNW35PCu6O89YYZ6CD/Pjj5oi6AqGrQFnkItA4I=",
        "owner": "LiGoldragon",
        "repo": "agent",
        "rev": "3d51ed4db08cadaee78e88e237d6c800089c052b",
        "type": "github"
      },
      "original": {
        "owner": "LiGoldragon",
        "repo": "agent",
        "type": "github"
      }
    },
    "crane": {
      "locked": {
        "lastModified": 1780532242,
        "narHash": "sha256-D+BsdpxmtUwtqGoY0IXPhHgTlmqgcZKCEo1oMyn7ep0=",
        "owner": "ipetkov",
        "repo": "crane",
        "rev": "59a82a1222dd3b2080b5cc52a1a2e8d5f1b77f37",
        "type": "github"
      },
      "original": {
        "owner": "ipetkov",
        "repo": "crane",
        "type": "github"
      }
    },
    "criome-source": {
      "flake": false,
      "locked": {
        "lastModified": 1783442385,
        "narHash": "sha256-p0wg+hphkw83PaF2DFBVoybWBHGv9OKmu61vhrQYgWs=",
        "ref": "main",
        "rev": "a82b5145c4e4608d4e1c35b7f1a50d1675ab9814",
        "revCount": 192,
        "type": "git",
        "url": "https://github.com/LiGoldragon/criome.git"
      },
      "original": {
        "ref": "main",
        "type": "git",
        "url": "https://github.com/LiGoldragon/criome.git"
      }
    },
    "fenix": {
      "inputs": {
        "nixpkgs": [
          "rust-build",
          "nixpkgs"
        ],
        "rust-analyzer-src": "rust-analyzer-src"
      },
      "locked": {
        "lastModified": 1781901863,
        "narHash": "sha256-B3GatmIZGQCnJkYoes3a5OqsMNexf0PO3fpeDJDZND4=",
        "owner": "nix-community",
        "repo": "fenix",
        "rev": "6914a98b7864cb3ef33cb0a2581f8aed3d354e48",
        "type": "github"
      },
      "original": {
        "owner": "nix-community",
        "repo": "fenix",
        "type": "github"
      }
    },
    "flake-utils": {
      "inputs": {
        "systems": "systems"
      },
      "locked": {
        "lastModified": 1731533236,
        "narHash": "sha256-l0KFg5HjrsfsO/JpG+r7fRrqm12kzFHyUHqHCVpMMbI=",
        "owner": "numtide",
        "repo": "flake-utils",
        "rev": "11707dc2f618dd54ca8739b309ec4fc024de578b",
        "type": "github"
      },
      "original": {
        "owner": "numtide",
        "repo": "flake-utils",
        "type": "github"
      }
    },
    "flake-utils_2": {
      "inputs": {
        "systems": "systems_2"
      },
      "locked": {
        "lastModified": 1731533236,
        "narHash": "sha256-l0KFg5HjrsfsO/JpG+r7fRrqm12kzFHyUHqHCVpMMbI=",
        "owner": "numtide",
        "repo": "flake-utils",
        "rev": "11707dc2f618dd54ca8739b309ec4fc024de578b",
        "type": "github"
      },
      "original": {
        "owner": "numtide",
        "repo": "flake-utils",
        "type": "github"
      }
    },
    "flake-utils_3": {
      "inputs": {
        "systems": "systems_3"
      },
      "locked": {
        "lastModified": 1731533236,
        "narHash": "sha256-l0KFg5HjrsfsO/JpG+r7fRrqm12kzFHyUHqHCVpMMbI=",
        "owner": "numtide",
        "repo": "flake-utils",
        "rev": "11707dc2f618dd54ca8739b309ec4fc024de578b",
        "type": "github"
      },
      "original": {
        "owner": "numtide",
        "repo": "flake-utils",
        "type": "github"
      }
    },
    "flake-utils_4": {
      "inputs": {
        "systems": "systems_4"
      },
      "locked": {
        "lastModified": 1731533236,
        "narHash": "sha256-l0KFg5HjrsfsO/JpG+r7fRrqm12kzFHyUHqHCVpMMbI=",
        "owner": "numtide",
        "repo": "flake-utils",
        "rev": "11707dc2f618dd54ca8739b309ec4fc024de578b",
        "type": "github"
      },
      "original": {
        "owner": "numtide",
        "repo": "flake-utils",
        "type": "github"
      }
    },
    "flake-utils_5": {
      "inputs": {
        "systems": "systems_5"
      },
      "locked": {
        "lastModified": 1731533236,
        "narHash": "sha256-l0KFg5HjrsfsO/JpG+r7fRrqm12kzFHyUHqHCVpMMbI=",
        "owner": "numtide",
        "repo": "flake-utils",
        "rev": "11707dc2f618dd54ca8739b309ec4fc024de578b",
        "type": "github"
      },
      "original": {
        "owner": "numtide",
        "repo": "flake-utils",
        "type": "github"
      }
    },
    "judge-provider": {
      "inputs": {
        "flake-utils": "flake-utils_2",
        "nixpkgs": [
          "nixpkgs"
        ]
      },
      "locked": {
        "lastModified": 1785294467,
        "narHash": "sha256-mylUWHK2wIw8S07K5hbkrLELnflJkDwsSWz2YFbJzLI=",
        "owner": "sadjow",
        "repo": "codex-cli-nix",
        "rev": "e4e3b0672bbb8fba7f32fe53cd9c604990970374",
        "type": "github"
      },
      "original": {
        "owner": "sadjow",
        "repo": "codex-cli-nix",
        "rev": "e4e3b0672bbb8fba7f32fe53cd9c604990970374",
        "type": "github"
      }
    },
    "kameo-source": {
      "flake": false,
      "locked": {
        "lastModified": 1781859599,
        "narHash": "sha256-yEide3elYr0mtRUStsD3AlOwdl/sKWtslj3vBp8VzVE=",
        "owner": "LiGoldragon",
        "repo": "kameo",
        "rev": "f491b45d7dcb55e5837eddde3d5d7ca8ceaa9f01",
        "type": "github"
      },
      "original": {
        "owner": "LiGoldragon",
        "repo": "kameo",
        "type": "github"
      }
    },
    "meta-signal-agent-source": {
      "flake": false,
      "locked": {
        "lastModified": 1783441465,
        "narHash": "sha256-6YTSr9zR6qc9K2irmPMhd/IA0UNFzmlskmTr4dBOLuA=",
        "owner": "LiGoldragon",
        "repo": "meta-signal-agent",
        "rev": "bc451663ba3ec190035ae313333476009bd60a8a",
        "type": "github"
      },
      "original": {
        "owner": "LiGoldragon",
        "repo": "meta-signal-agent",
        "type": "github"
      }
    },
    "meta-signal-criome-source": {
      "flake": false,
      "locked": {
        "lastModified": 1783441510,
        "narHash": "sha256-zLGbVDb5drRWXg0ia3pFjtgq2gJZZo7Syc/snBLrP+Q=",
        "ref": "main",
        "rev": "fdc71cc3c753554c3826bbe3d03b64e6603ad126",
        "revCount": 30,
        "type": "git",
        "url": "https://github.com/LiGoldragon/meta-signal-criome.git"
      },
      "original": {
        "ref": "main",
        "type": "git",
        "url": "https://github.com/LiGoldragon/meta-signal-criome.git"
      }
    },
    "meta-signal-mirror-source": {
      "flake": false,
      "locked": {
        "lastModified": 1783441576,
        "narHash": "sha256-LqLnZJkaKEDYfLMmVQARRJTm91bHYVFwQnnpBUc/yoM=",
        "owner": "LiGoldragon",
        "repo": "meta-signal-mirror",
        "rev": "ad0259de92ce8273c5354f1a2619d1dc4d276efa",
        "type": "github"
      },
      "original": {
        "owner": "LiGoldragon",
        "repo": "meta-signal-mirror",
        "type": "github"
      }
    },
    "meta-signal-router-source": {
      "flake": false,
      "locked": {
        "lastModified": 1783616503,
        "narHash": "sha256-eXPh16/vgDpzap/r0Uc1u+Ty2tmSkYYEUnyPtgfJIbU=",
        "owner": "LiGoldragon",
        "repo": "meta-signal-router",
        "rev": "1475d4be54bffbd5afb70b105312f68177c775a1",
        "type": "github"
      },
      "original": {
        "owner": "LiGoldragon",
        "repo": "meta-signal-router",
        "type": "github"
      }
    },
    "meta-signal-spirit-source": {
      "flake": false,
      "locked": {
        "lastModified": 1785787228,
        "narHash": "sha256-tQF7b2btF0yVl55fZBrcfnfzAegga/1L6WbK/aVzksQ=",
        "owner": "LiGoldragon",
        "repo": "meta-signal-spirit",
        "rev": "009cb6c8ddf985244189a79d554aa5d5c24605c8",
        "type": "github"
      },
      "original": {
        "owner": "LiGoldragon",
        "repo": "meta-signal-spirit",
        "rev": "009cb6c8ddf985244189a79d554aa5d5c24605c8",
        "type": "github"
      }
    },
    "mirror-source": {
      "flake": false,
      "locked": {
        "lastModified": 1783442499,
        "narHash": "sha256-f+6vXQGH4F53Nd+ZiAVGW/zKx9ochYxWE5s8/UMb4aM=",
        "owner": "LiGoldragon",
        "repo": "mirror",
        "rev": "b1da05c31ec89ffc2e415d9902464a9f7a2361e4",
        "type": "github"
      },
      "original": {
        "owner": "LiGoldragon",
        "repo": "mirror",
        "type": "github"
      }
    },
    "nixpkgs": {
      "locked": {
        "lastModified": 1779694939,
        "narHash": "sha256-Ly4j75O8ICaSQx3uxPnwk2x7PMF0XQvn5r0c3yBA7FI=",
        "owner": "NixOS",
        "repo": "nixpkgs",
        "rev": "f9d8b65950353691ab56561e7c73d2e1063d810b",
        "type": "github"
      },
      "original": {
        "owner": "NixOS",
        "ref": "nixpkgs-unstable",
        "repo": "nixpkgs",
        "type": "github"
      }
    },
    "nota-source": {
      "flake": false,
      "locked": {
        "lastModified": 1783443857,
        "narHash": "sha256-ZvvGRnrQ639uSDkGUeS+UgbEbApec0MX9I2dZoA22Kk=",
        "owner": "LiGoldragon",
        "repo": "nota",
        "rev": "d25c08a87b897f2eac28621fb6c3d25801cdccfc",
        "type": "github"
      },
      "original": {
        "owner": "LiGoldragon",
        "repo": "nota",
        "type": "github"
      }
    },
    "root": {
      "inputs": {
        "agent-source": "agent-source",
        "criome-source": "criome-source",
        "flake-utils": "flake-utils",
        "judge-provider": "judge-provider",
        "kameo-source": "kameo-source",
        "meta-signal-agent-source": "meta-signal-agent-source",
        "meta-signal-criome-source": "meta-signal-criome-source",
        "meta-signal-mirror-source": "meta-signal-mirror-source",
        "meta-signal-router-source": "meta-signal-router-source",
        "meta-signal-spirit-source": "meta-signal-spirit-source",
        "mirror-source": "mirror-source",
        "nixpkgs": "nixpkgs",
        "nota-source": "nota-source",
        "router-source": "router-source",
        "rust-build": "rust-build",
        "schema-language-source": "schema-language-source",
        "schema-rust-source": "schema-rust-source",
        "schema-source": "schema-source",
        "sema-engine-source": "sema-engine-source",
        "sema-source": "sema-source",
        "signal-agent-source": "signal-agent-source",
        "signal-criome-source": "signal-criome-source",
        "signal-domain-source": "signal-domain-source",
        "signal-frame-source": "signal-frame-source",
        "signal-harness-source": "signal-harness-source",
        "signal-introspect-source": "signal-introspect-source",
        "signal-message-source": "signal-message-source",
        "signal-mind-source": "signal-mind-source",
        "signal-mirror-source": "signal-mirror-source",
        "signal-persona-source": "signal-persona-source",
        "signal-router-source": "signal-router-source",
        "signal-sema-source": "signal-sema-source",
        "signal-spirit-judge-source": "signal-spirit-judge-source",
        "signal-spirit-source": "signal-spirit-source",
        "signal-standard-source": "signal-standard-source",
        "spirit-judge": "spirit-judge",
        "spirit-judge-config": "spirit-judge-config",
        "triad-runtime-source": "triad-runtime-source",
        "version-projection-source": "version-projection-source"
      }
    },
    "router-source": {
      "flake": false,
      "locked": {
        "lastModified": 1783356256,
        "narHash": "sha256-PAYbNRlPfYtHxIFkQ6vL/10DwjS8xK4H1HXh2J3j/Qc=",
        "owner": "LiGoldragon",
        "repo": "router",
        "rev": "f1b108009ff2a9c60c74a4a0a85fdae52b7df07c",
        "type": "github"
      },
      "original": {
        "owner": "LiGoldragon",
        "repo": "router",
        "type": "github"
      }
    },
    "rust-analyzer-src": {
      "flake": false,
      "locked": {
        "lastModified": 1781714865,
        "narHash": "sha256-NIhErKpfs4EUx8N4x8yNYG8/vTzKv9cQn5QmuQI83jM=",
        "owner": "rust-lang",
        "repo": "rust-analyzer",
        "rev": "abb1301c3c14a40645bb2588b1cc858fe374b527",
        "type": "github"
      },
      "original": {
        "owner": "rust-lang",
        "ref": "nightly",
        "repo": "rust-analyzer",
        "type": "github"
      }
    },
    "rust-build": {
      "inputs": {
        "crane": "crane",
        "fenix": "fenix",
        "flake-utils": "flake-utils_3",
        "nixpkgs": [
          "nixpkgs"
        ]
      },
      "locked": {
        "lastModified": 1781903243,
        "narHash": "sha256-QTLu7a0z7fnVwt4SUyTgUKnYEcUiQCtTDRGaXv4p3H4=",
        "owner": "LiGoldragon",
        "repo": "rust-build",
        "rev": "56d18735f2034d192f63d13d2701202fd2e18cf3",
        "type": "github"
      },
      "original": {
        "owner": "LiGoldragon",
        "repo": "rust-build",
        "type": "github"
      }
    },
    "schema-language-source": {
      "flake": false,
      "locked": {
        "lastModified": 1783411312,
        "narHash": "sha256-VXHX8zjH10wqGqzCU/4gPzE74qNIckq8sFsPis16QII=",
        "owner": "LiGoldragon",
        "repo": "schema-language",
        "rev": "6aae825d668e3f607a2754afa6b7d94e9f246c41",
        "type": "github"
      },
      "original": {
        "owner": "LiGoldragon",
        "repo": "schema-language",
        "rev": "6aae825d668e3f607a2754afa6b7d94e9f246c41",
        "type": "github"
      }
    },
    "schema-rust-source": {
      "flake": false,
      "locked": {
        "lastModified": 1783441348,
        "narHash": "sha256-gm4TCLoMjwIrTAxP/2b1Y2M+YZVMn814hsbcvq0Kt5Y=",
        "owner": "LiGoldragon",
        "repo": "schema-rust",
        "rev": "f3b4563163dd11ba1cbbcca8081701ab7830b8f5",
        "type": "github"
      },
      "original": {
        "owner": "LiGoldragon",
        "repo": "schema-rust",
        "type": "github"
      }
    },
    "schema-source": {
      "flake": false,
      "locked": {
        "lastModified": 1783361316,
        "narHash": "sha256-mBRGdHiSGp8/3n1+I+N6IfGUVV0YEGaag1S7T2HefIg=",
        "owner": "LiGoldragon",
        "repo": "schema",
        "rev": "92bed64ad644ce4caa2827398ada5b7b79221165",
        "type": "github"
      },
      "original": {
        "owner": "LiGoldragon",
        "repo": "schema",
        "type": "github"
      }
    },
    "sema-engine-source": {
      "flake": false,
      "locked": {
        "lastModified": 1783442487,
        "narHash": "sha256-GHLzW7ns0W70sHPJGfUAhA9IuRPJkNXDJduCYjNHH4w=",
        "owner": "LiGoldragon",
        "repo": "sema-engine",
        "rev": "b3b5fb714412f820f870c290a6cb7800acb9bdec",
        "type": "github"
      },
      "original": {
        "owner": "LiGoldragon",
        "repo": "sema-engine",
        "type": "github"
      }
    },
    "sema-source": {
      "flake": false,
      "locked": {
        "lastModified": 1783441691,
        "narHash": "sha256-4Q27W0MBAod2OPe0MkSk7tXR+r3VvxxWYggsocYEFXo=",
        "owner": "LiGoldragon",
        "repo": "sema",
        "rev": "51d7927c872f0df12791bad8d39a4db6433b01a1",
        "type": "github"
      },
      "original": {
        "owner": "LiGoldragon",
        "repo": "sema",
        "type": "github"
      }
    },
    "signal-agent-source": {
      "flake": false,
      "locked": {
        "lastModified": 1783441604,
        "narHash": "sha256-FxkvBECzKa4VYLnGChx0u7Ogh6q2QGYsxXYLnD3w3YE=",
        "owner": "LiGoldragon",
        "repo": "signal-agent",
        "rev": "356dbc10c006f05f83b0b2d8ef775b65d2e5f36d",
        "type": "github"
      },
      "original": {
        "owner": "LiGoldragon",
        "repo": "signal-agent",
        "type": "github"
      }
    },
    "signal-criome-source": {
      "flake": false,
      "locked": {
        "lastModified": 1783442239,
        "narHash": "sha256-a7flCMSuJM119RVrtpUYCp/ntCWzAttUBKIiGIc3xB8=",
        "ref": "main",
        "rev": "1c5d99e368f7bd4f5a8755956460f8be6e85fd99",
        "revCount": 96,
        "type": "git",
        "url": "https://github.com/LiGoldragon/signal-criome.git"
      },
      "original": {
        "ref": "main",
        "type": "git",
        "url": "https://github.com/LiGoldragon/signal-criome.git"
      }
    },
    "signal-domain-source": {
      "flake": false,
      "locked": {
        "lastModified": 1783420000,
        "narHash": "sha256-7l9ShrNN9rYSvq8LOFdL776yez6UBEZea9SaXQKqMRg=",
        "owner": "LiGoldragon",
        "repo": "signal-domain",
        "rev": "801e1c5bcc824c9760e246205826e3c8e962d005",
        "type": "github"
      },
      "original": {
        "ref": "main",
        "type": "git",
        "url": "https://github.com/LiGoldragon/signal-domain.git"
      }
    },
    "signal-frame-source": {
      "flake": false,
      "locked": {
        "lastModified": 1783441628,
        "narHash": "sha256-KaB9kjJigHhVPe3zGQWaliszkzgN4u8cv8xiCecIeBw=",
        "ref": "main",
        "rev": "fd7909d1497b7bb18751521387a1087cd9e7c91c",
        "revCount": 74,
        "type": "git",
        "url": "https://github.com/LiGoldragon/signal-frame.git"
      },
      "original": {
        "ref": "main",
        "type": "git",
        "url": "https://github.com/LiGoldragon/signal-frame.git"
      }
    },
    "signal-harness-source": {
      "flake": false,
      "locked": {
        "lastModified": 1783244895,
        "narHash": "sha256-gUeRFgH4+fd4rGcPUOG54GaqdArWNwB2OFI6C6brtCU=",
        "owner": "LiGoldragon",
        "repo": "signal-harness",
        "rev": "3559f12ce13f21f1d616308fb931e31b849c0409",
        "type": "github"
      },
      "original": {
        "owner": "LiGoldragon",
        "repo": "signal-harness",
        "type": "github"
      }
    },
    "signal-introspect-source": {
      "flake": false,
      "locked": {
        "lastModified": 1783244897,
        "narHash": "sha256-UzYn9v/+2V7dBgIOibHWeGRizpw2XNOKBdLX9N7D0kM=",
        "owner": "LiGoldragon",
        "repo": "signal-introspect",
        "rev": "fafaa15dab0fe3681a61d5c5472f6f8205b1336b",
        "type": "github"
      },
      "original": {
        "owner": "LiGoldragon",
        "repo": "signal-introspect",
        "type": "github"
      }
    },
    "signal-message-source": {
      "flake": false,
      "locked": {
        "lastModified": 1783244907,
        "narHash": "sha256-FtdyZTYScVYEG0/qpaA7YxruT4Ob1zpKU/6mBBYUo4c=",
        "owner": "LiGoldragon",
        "repo": "signal-message",
        "rev": "0e92d3f2245387c23e166b09d2691b8146140796",
        "type": "github"
      },
      "original": {
        "owner": "LiGoldragon",
        "repo": "signal-message",
        "type": "github"
      }
    },
    "signal-mind-source": {
      "flake": false,
      "locked": {
        "lastModified": 1783287066,
        "narHash": "sha256-r924dqL/t98OWEJQpUcuzFcUtgrCwPpl4XLNsrrltoY=",
        "owner": "LiGoldragon",
        "repo": "signal-mind",
        "rev": "b8174d846158f2af97186b31a65f3e9b5f557e71",
        "type": "github"
      },
      "original": {
        "owner": "LiGoldragon",
        "repo": "signal-mind",
        "type": "github"
      }
    },
    "signal-mirror-source": {
      "flake": false,
      "locked": {
        "lastModified": 1783441719,
        "narHash": "sha256-hF5aZh3ApQrkf3Kkv+wP54miH7EysCrPt7fTVpnIIQg=",
        "owner": "LiGoldragon",
        "repo": "signal-mirror",
        "rev": "d2d3c61666f213fd42127549461c25cc975560ff",
        "type": "github"
      },
      "original": {
        "owner": "LiGoldragon",
        "repo": "signal-mirror",
        "type": "github"
      }
    },
    "signal-persona-source": {
      "flake": false,
      "locked": {
        "lastModified": 1783244916,
        "narHash": "sha256-umaJEzUVg4suEuB1nd7AQh7CGK+qbSQB3qKbGNSzH3Y=",
        "owner": "LiGoldragon",
        "repo": "signal-persona",
        "rev": "2babf1314e2898d7bdbe75124e00f9129cfb8d43",
        "type": "github"
      },
      "original": {
        "owner": "LiGoldragon",
        "repo": "signal-persona",
        "type": "github"
      }
    },
    "signal-router-source": {
      "flake": false,
      "locked": {
        "lastModified": 1783523917,
        "narHash": "sha256-DotbVV6/o9ckWZeKQxuyrzy9GQNrXh5ivkcVxOMJhpU=",
        "owner": "LiGoldragon",
        "repo": "signal-router",
        "rev": "501308dd9479ba96778bb08344b952a4629c07b4",
        "type": "github"
      },
      "original": {
        "owner": "LiGoldragon",
        "repo": "signal-router",
        "type": "github"
      }
    },
    "signal-sema-source": {
      "flake": false,
      "locked": {
        "lastModified": 1783441725,
        "narHash": "sha256-iDy86F3Y/n9hWBseFt6siOC2HOD395URPCRt726FhWE=",
        "owner": "LiGoldragon",
        "repo": "signal-sema",
        "rev": "8d4a0223efe59b36ac79d154d15961084eef286b",
        "type": "github"
      },
      "original": {
        "owner": "LiGoldragon",
        "repo": "signal-sema",
        "type": "github"
      }
    },
    "signal-spirit-judge-source": {
      "flake": false,
      "locked": {
        "lastModified": 1785787228,
        "narHash": "sha256-WMtMlu/jH2kROo2nOJFadMWumtk3c0v+EMxFLyAGJpk=",
        "owner": "LiGoldragon",
        "repo": "signal-spirit-judge",
        "rev": "4fc339fee6adf3aeed82125aa0de8940bdd1f589",
        "type": "github"
      },
      "original": {
        "owner": "LiGoldragon",
        "repo": "signal-spirit-judge",
        "rev": "4fc339fee6adf3aeed82125aa0de8940bdd1f589",
        "type": "github"
      }
    },
    "signal-spirit-source": {
      "flake": false,
      "locked": {
        "lastModified": 1785786652,
        "narHash": "sha256-SKlbDmeEOCPQL1rhOzR6te3W6KtYrtCuH0MTg+iiaEc=",
        "owner": "LiGoldragon",
        "repo": "signal-spirit",
        "rev": "b37fc963292c157452d06e150296c19005dae3f2",
        "type": "github"
      },
      "original": {
        "owner": "LiGoldragon",
        "repo": "signal-spirit",
        "rev": "b37fc963292c157452d06e150296c19005dae3f2",
        "type": "github"
      }
    },
    "signal-standard-source": {
      "flake": false,
      "locked": {
        "lastModified": 1783617398,
        "narHash": "sha256-d0et7dHfRexM6l6oiLv3/iW5vYLgMvNg102MVj/PG30=",
        "owner": "LiGoldragon",
        "repo": "signal-standard",
        "rev": "08df24f5287630ce69f5146e8d422159fbdf1a8a",
        "type": "github"
      },
      "original": {
        "owner": "LiGoldragon",
        "repo": "signal-standard",
        "type": "github"
      }
    },
    "spirit-judge": {
      "inputs": {
        "flake-utils": "flake-utils_4",
        "nixpkgs": [
          "nixpkgs"
        ],
        "rust-build": [
          "rust-build"
        ]
      },
      "locked": {
        "lastModified": 1785837420,
        "narHash": "sha256-ZQkogFkjk7HefrB5TLdCgBSkDgu39d1HorxrKxbcNx0=",
        "owner": "LiGoldragon",
        "repo": "spirit-judge",
        "rev": "b590c2bdd6499cc391ac01dddf2ab67b0d53bd6a",
        "type": "github"
      },
      "original": {
        "owner": "LiGoldragon",
        "repo": "spirit-judge",
        "rev": "b590c2bdd6499cc391ac01dddf2ab67b0d53bd6a",
        "type": "github"
      }
    },
    "spirit-judge-config": {
      "inputs": {
        "flake-utils": "flake-utils_5",
        "nixpkgs": [
          "nixpkgs"
        ]
      },
      "locked": {
        "lastModified": 1785837524,
        "narHash": "sha256-zJy4RI3Y0H6bmWUD86DRNJWlZpgIGkeRe2xa3Tk5QEw=",
        "owner": "LiGoldragon",
        "repo": "spirit-judge-config",
        "rev": "fc648d2796513b83cee27ffeb319ceb01134a60e",
        "type": "github"
      },
      "original": {
        "owner": "LiGoldragon",
        "repo": "spirit-judge-config",
        "rev": "fc648d2796513b83cee27ffeb319ceb01134a60e",
        "type": "github"
      }
    },
    "systems": {
      "locked": {
        "lastModified": 1681028828,
        "narHash": "sha256-Vy1rq5AaRuLzOxct8nz4T6wlgyUR7zLU309k9mBC768=",
        "owner": "nix-systems",
        "repo": "default",
        "rev": "da67096a3b9bf56a91d16901293e51ba5b49a27e",
        "type": "github"
      },
      "original": {
        "owner": "nix-systems",
        "repo": "default",
        "type": "github"
      }
    },
    "systems_2": {
      "locked": {
        "lastModified": 1681028828,
        "narHash": "sha256-Vy1rq5AaRuLzOxct8nz4T6wlgyUR7zLU309k9mBC768=",
        "owner": "nix-systems",
        "repo": "default",
        "rev": "da67096a3b9bf56a91d16901293e51ba5b49a27e",
        "type": "github"
      },
      "original": {
        "owner": "nix-systems",
        "repo": "default",
        "type": "github"
      }
    },
    "systems_3": {
      "locked": {
        "lastModified": 1681028828,
        "narHash": "sha256-Vy1rq5AaRuLzOxct8nz4T6wlgyUR7zLU309k9mBC768=",
        "owner": "nix-systems",
        "repo": "default",
        "rev": "da67096a3b9bf56a91d16901293e51ba5b49a27e",
        "type": "github"
      },
      "original": {
        "owner": "nix-systems",
        "repo": "default",
        "type": "github"
      }
    },
    "systems_4": {
      "locked": {
        "lastModified": 1681028828,
        "narHash": "sha256-Vy1rq5AaRuLzOxct8nz4T6wlgyUR7zLU309k9mBC768=",
        "owner": "nix-systems",
        "repo": "default",
        "rev": "da67096a3b9bf56a91d16901293e51ba5b49a27e",
        "type": "github"
      },
      "original": {
        "owner": "nix-systems",
        "repo": "default",
        "type": "github"
      }
    },
    "systems_5": {
      "locked": {
        "lastModified": 1681028828,
        "narHash": "sha256-Vy1rq5AaRuLzOxct8nz4T6wlgyUR7zLU309k9mBC768=",
        "owner": "nix-systems",
        "repo": "default",
        "rev": "da67096a3b9bf56a91d16901293e51ba5b49a27e",
        "type": "github"
      },
      "original": {
        "owner": "nix-systems",
        "repo": "default",
        "type": "github"
      }
    },
    "triad-runtime-source": {
      "flake": false,
      "locked": {
        "lastModified": 1783441007,
        "narHash": "sha256-uZ0pLbFOV6S1sBjTLQcGYQ1PdZ0ufRM0vOlYHJi2/HQ=",
        "ref": "main",
        "rev": "895d2e6b9023b2d901fe1ab20e6f8f431c6113b7",
        "revCount": 53,
        "type": "git",
        "url": "https://github.com/LiGoldragon/triad-runtime.git"
      },
      "original": {
        "ref": "main",
        "type": "git",
        "url": "https://github.com/LiGoldragon/triad-runtime.git"
      }
    },
    "version-projection-source": {
      "flake": false,
      "locked": {
        "lastModified": 1783090992,
        "narHash": "sha256-ooYrjUCzhnV6jIplHQAkmVQ/QY7VQpJqOykJW4UP3f8=",
        "owner": "LiGoldragon",
        "repo": "version-projection",
        "rev": "f401ce1535afaaa1724ff181a177d1535606d336",
        "type": "github"
      },
      "original": {
        "owner": "LiGoldragon",
        "repo": "version-projection",
        "type": "github"
      }
    }
  },
  "root": "root",
  "version": 7
}
